
Microsoft Visual Studio Solution File, Format Version 12.00
# Visual Studio Version 17
VisualStudioVersion = 17.14.36915.13
MinimumVisualStudioVersion = 10.0.40219.1
Project("{FAE04EC0-301F-11D3-BF4B-00C04F79EFBC}") = "Ejercicio 01", "Ejercicio 01\Ejercicio 01.csproj", "{E6C596AB-B891-466F-B377-0CD3DA4C2E99}"
EndProject
Project("{FAE04EC0-301F-11D3-BF4B-00C04F79EFBC}") = "Ejercicio 02", "Ejercicio 02\Ejercicio 02.csproj", "{8AD63D25-85A3-3A68-EA6D-5C81C8976BA7}"
EndProject
Project("{FAE04EC0-301F-11D3-BF4B-00C04F79EFBC}") = "Ejercicio 03", "Ejercicio 03\Ejercicio 03.csproj", "{7D72D6A6-23A0-C70D-009A-031F011598D6}"
EndProject
Global
	GlobalSection(SolutionConfigurationPlatforms) = preSolution
		Debug|Any CPU = Debug|Any CPU
		Release|Any CPU = Release|Any CPU
	EndGlobalSection
	GlobalSection(ProjectConfigurationPlatforms) = postSolution
		{E6C596AB-B891-466F-B377-0CD3DA4C2E99}.Debug|Any CPU.ActiveCfg = Debug|Any CPU
		{E6C596AB-B891-466F-B377-0CD3DA4C2E99}.Debug|Any CPU.Build.0 = Debug|Any CPU
		{E6C596AB-B891-466F-B377-0CD3DA4C2E99}.Release|Any CPU.ActiveCfg = Release|Any CPU
		{E6C596AB-B891-466F-B377-0CD3DA4C2E99}.Release|Any CPU.Build.0 = Release|Any CPU
		{8AD63D25-85A3-3A68-EA6D-5C81C8976BA7}.Debug|Any CPU.ActiveCfg = Debug|Any CPU
		{8AD63D25-85A3-3A68-EA6D-5C81C8976BA7}.Debug|Any CPU.Build.0 = Debug|Any CPU
		{8AD63D25-85A3-3A68-EA6D-5C81C8976BA7}.Release|Any CPU.ActiveCfg = Release|Any CPU
		{8AD63D25-85A3-3A68-EA6D-5C81C8976BA7}.Release|Any CPU.Build.0 = Release|Any CPU
		{7D72D6A6-23A0-C70D-009A-031F011598D6}.Debug|Any CPU.ActiveCfg = Debug|Any CPU
		{7D72D6A6-23A0-C70D-009A-031F011598D6}.Debug|Any CPU.Build.0 = Debug|Any CPU
		{7D72D6A6-23A0-C70D-009A-031F011598D6}.Release|Any CPU.ActiveCfg = Release|Any CPU
		{7D72D6A6-23A0-C70D-009A-031F011598D6}.Release|Any CPU.Build.0 = Release|Any CPU
	EndGlobalSection
	GlobalSection(SolutionProperties) = preSolution
		HideSolutionNode = FALSE
	EndGlobalSection
	GlobalSection(ExtensibilityGlobals) = postSolution
		SolutionGuid = {86931655-FBDC-47EE-8487-0F1C892B101E}
	EndGlobalSection
EndGlobal
