
Microsoft Visual Studio Solution File, Format Version 12.00
# Visual Studio Version 17
VisualStudioVersion = 17.14.36616.10 d17.14
MinimumVisualStudioVersion = 10.0.40219.1
Project("{FAE04EC0-301F-11D3-BF4B-00C04F79EFBC}") = "Lab01", "Lab01.csproj", "{F4581003-5D39-44B5-AF18-8E7FCDD812A6}"
EndProject
Project("{FAE04EC0-301F-11D3-BF4B-00C04F79EFBC}") = "Lab01Net8", "Lab01Net8\Lab01Net8.csproj", "{E82A316D-A27A-42D6-AB90-3D9F9A20811D}"
EndProject
Global
	GlobalSection(SolutionConfigurationPlatforms) = preSolution
		Debug|Any CPU = Debug|Any CPU
		Release|Any CPU = Release|Any CPU
	EndGlobalSection
	GlobalSection(ProjectConfigurationPlatforms) = postSolution
		{F4581003-5D39-44B5-AF18-8E7FCDD812A6}.Debug|Any CPU.ActiveCfg = Debug|Any CPU
		{F4581003-5D39-44B5-AF18-8E7FCDD812A6}.Debug|Any CPU.Build.0 = Debug|Any CPU
		{F4581003-5D39-44B5-AF18-8E7FCDD812A6}.Release|Any CPU.ActiveCfg = Release|Any CPU
		{F4581003-5D39-44B5-AF18-8E7FCDD812A6}.Release|Any CPU.Build.0 = Release|Any CPU
		{E82A316D-A27A-42D6-AB90-3D9F9A20811D}.Debug|Any CPU.ActiveCfg = Debug|Any CPU
		{E82A316D-A27A-42D6-AB90-3D9F9A20811D}.Debug|Any CPU.Build.0 = Debug|Any CPU
		{E82A316D-A27A-42D6-AB90-3D9F9A20811D}.Release|Any CPU.ActiveCfg = Release|Any CPU
		{E82A316D-A27A-42D6-AB90-3D9F9A20811D}.Release|Any CPU.Build.0 = Release|Any CPU
	EndGlobalSection
	GlobalSection(SolutionProperties) = preSolution
		HideSolutionNode = FALSE
	EndGlobalSection
	GlobalSection(ExtensibilityGlobals) = postSolution
		SolutionGuid = {22918BCA-725F-4FD6-AECA-AA7821089E1B}
	EndGlobalSection
EndGlobal
